
Microsoft Visual Studio Solution File, Format Version 12.00
# Visual Studio 15
Project("{FAE04EC0-301F-11D3-BF4B-00C04F79EFBC}") = "testApp.Android", "testApp.Android\testApp.Android.csproj", "{49E26C76-EFDB-4FFE-AD77-CA94AFC613D4}"
EndProject
Project("{FAE04EC0-301F-11D3-BF4B-00C04F79EFBC}") = "testApp.iOS", "testApp.iOS\testApp.iOS.csproj", "{70393906-A1CD-443F-9531-2F0567F6A87E}"
EndProject
Project("{FAE04EC0-301F-11D3-BF4B-00C04F79EFBC}") = "testApp", "testApp\testApp.csproj", "{C0E4C14D-FFE5-42AD-B616-2DF6D4F9749F}"
EndProject
Global
	GlobalSection(SolutionConfigurationPlatforms) = preSolution
		Debug|Any CPU = Debug|Any CPU
		Release|Any CPU = Release|Any CPU
		Debug|iPhoneSimulator = Debug|iPhoneSimulator
		Release|iPhoneSimulator = Release|iPhoneSimulator
		Debug|iPhone = Debug|iPhone
		Release|iPhone = Release|iPhone
	EndGlobalSection
	GlobalSection(ProjectConfigurationPlatforms) = postSolution
		{49E26C76-EFDB-4FFE-AD77-CA94AFC613D4}.Debug|Any CPU.ActiveCfg = Debug|Any CPU
		{49E26C76-EFDB-4FFE-AD77-CA94AFC613D4}.Debug|Any CPU.Build.0 = Debug|Any CPU
		{49E26C76-EFDB-4FFE-AD77-CA94AFC613D4}.Release|Any CPU.ActiveCfg = Release|Any CPU
		{49E26C76-EFDB-4FFE-AD77-CA94AFC613D4}.Release|Any CPU.Build.0 = Release|Any CPU
		{49E26C76-EFDB-4FFE-AD77-CA94AFC613D4}.Debug|iPhoneSimulator.ActiveCfg = Debug|Any CPU
		{49E26C76-EFDB-4FFE-AD77-CA94AFC613D4}.Debug|iPhoneSimulator.Build.0 = Debug|Any CPU
		{49E26C76-EFDB-4FFE-AD77-CA94AFC613D4}.Release|iPhoneSimulator.ActiveCfg = Release|Any CPU
		{49E26C76-EFDB-4FFE-AD77-CA94AFC613D4}.Release|iPhoneSimulator.Build.0 = Release|Any CPU
		{49E26C76-EFDB-4FFE-AD77-CA94AFC613D4}.Debug|iPhone.ActiveCfg = Debug|Any CPU
		{49E26C76-EFDB-4FFE-AD77-CA94AFC613D4}.Debug|iPhone.Build.0 = Debug|Any CPU
		{49E26C76-EFDB-4FFE-AD77-CA94AFC613D4}.Release|iPhone.ActiveCfg = Release|Any CPU
		{49E26C76-EFDB-4FFE-AD77-CA94AFC613D4}.Release|iPhone.Build.0 = Release|Any CPU
		{70393906-A1CD-443F-9531-2F0567F6A87E}.Debug|Any CPU.ActiveCfg = Debug|iPhoneSimulator
		{70393906-A1CD-443F-9531-2F0567F6A87E}.Debug|Any CPU.Build.0 = Debug|iPhoneSimulator
		{70393906-A1CD-443F-9531-2F0567F6A87E}.Release|Any CPU.ActiveCfg = Release|iPhoneSimulator
		{70393906-A1CD-443F-9531-2F0567F6A87E}.Release|Any CPU.Build.0 = Release|iPhoneSimulator
		{70393906-A1CD-443F-9531-2F0567F6A87E}.Debug|iPhoneSimulator.ActiveCfg = Debug|iPhoneSimulator
		{70393906-A1CD-443F-9531-2F0567F6A87E}.Debug|iPhoneSimulator.Build.0 = Debug|iPhoneSimulator
		{70393906-A1CD-443F-9531-2F0567F6A87E}.Release|iPhoneSimulator.ActiveCfg = Release|iPhoneSimulator
		{70393906-A1CD-443F-9531-2F0567F6A87E}.Release|iPhoneSimulator.Build.0 = Release|iPhoneSimulator
		{70393906-A1CD-443F-9531-2F0567F6A87E}.Debug|iPhone.ActiveCfg = Debug|iPhone
		{70393906-A1CD-443F-9531-2F0567F6A87E}.Debug|iPhone.Build.0 = Debug|iPhone
		{70393906-A1CD-443F-9531-2F0567F6A87E}.Release|iPhone.ActiveCfg = Release|iPhone
		{70393906-A1CD-443F-9531-2F0567F6A87E}.Release|iPhone.Build.0 = Release|iPhone
		{C0E4C14D-FFE5-42AD-B616-2DF6D4F9749F}.Debug|Any CPU.ActiveCfg = Debug|Any CPU
		{C0E4C14D-FFE5-42AD-B616-2DF6D4F9749F}.Debug|Any CPU.Build.0 = Debug|Any CPU
		{C0E4C14D-FFE5-42AD-B616-2DF6D4F9749F}.Release|Any CPU.ActiveCfg = Release|Any CPU
		{C0E4C14D-FFE5-42AD-B616-2DF6D4F9749F}.Release|Any CPU.Build.0 = Release|Any CPU
		{C0E4C14D-FFE5-42AD-B616-2DF6D4F9749F}.Debug|iPhoneSimulator.ActiveCfg = Debug|Any CPU
		{C0E4C14D-FFE5-42AD-B616-2DF6D4F9749F}.Debug|iPhoneSimulator.Build.0 = Debug|Any CPU
		{C0E4C14D-FFE5-42AD-B616-2DF6D4F9749F}.Release|iPhoneSimulator.ActiveCfg = Release|Any CPU
		{C0E4C14D-FFE5-42AD-B616-2DF6D4F9749F}.Release|iPhoneSimulator.Build.0 = Release|Any CPU
		{C0E4C14D-FFE5-42AD-B616-2DF6D4F9749F}.Debug|iPhone.ActiveCfg = Debug|Any CPU
		{C0E4C14D-FFE5-42AD-B616-2DF6D4F9749F}.Debug|iPhone.Build.0 = Debug|Any CPU
		{C0E4C14D-FFE5-42AD-B616-2DF6D4F9749F}.Release|iPhone.ActiveCfg = Release|Any CPU
		{C0E4C14D-FFE5-42AD-B616-2DF6D4F9749F}.Release|iPhone.Build.0 = Release|Any CPU
	EndGlobalSection
EndGlobal
